
Microsoft Visual Studio Solution File, Format Version 12.00
# Visual Studio Version 17
VisualStudioVersion = 17.7.34024.191
MinimumVisualStudioVersion = 10.0.40219.1
Project("{2150E333-8FDC-42A3-9474-1A3956D46DE8}") = "EmployeeService", "EmployeeService", "{DDB5630B-0C18-43C7-893A-9C6F76A74525}"
EndProject
Project("{2150E333-8FDC-42A3-9474-1A3956D46DE8}") = "src", "src", "{7D668DB7-52FD-469A-A511-BA165F05B98A}"
EndProject
Project("{2150E333-8FDC-42A3-9474-1A3956D46DE8}") = "API", "API", "{2B565C26-4566-45F3-B3D6-4B54AB31D121}"
EndProject
Project("{2150E333-8FDC-42A3-9474-1A3956D46DE8}") = "Application", "Application", "{0FAE07C5-7113-4CD3-8857-2E04A67ADBBA}"
EndProject
Project("{2150E333-8FDC-42A3-9474-1A3956D46DE8}") = "Domain", "Domain", "{58FD23FE-1506-4E04-86A3-BF7A805AC811}"
EndProject
Project("{2150E333-8FDC-42A3-9474-1A3956D46DE8}") = "Infastructure", "Infastructure", "{1E1CA743-55FD-4BCD-A125-4C61595F9896}"
EndProject
Project("{9A19103F-16F7-4668-BE54-9A1E7A4F7556}") = "API", "EmployeeService\src\API\API.csproj", "{9500B6FD-7B09-424F-9B4A-C23A084D71A2}"
EndProject
Project("{9A19103F-16F7-4668-BE54-9A1E7A4F7556}") = "Application", "EmployeeService\src\Application\Application.csproj", "{7EA6F48A-589B-4BAD-8C42-AE6FE46B8AC7}"
EndProject
Project("{9A19103F-16F7-4668-BE54-9A1E7A4F7556}") = "Domain", "EmployeeService\src\Domain\Domain.csproj", "{19EC203B-2CF0-4DEF-A77B-64B01F329E17}"
EndProject
Project("{9A19103F-16F7-4668-BE54-9A1E7A4F7556}") = "Infastructure", "EmployeeService\src\Infastructure\Infastructure.csproj", "{B3D86B82-2AC4-4259-8F76-9E1405A90FDF}"
EndProject
Project("{2150E333-8FDC-42A3-9474-1A3956D46DE8}") = "test", "test", "{57EDF7B3-1E03-49FE-BFBD-A02A3BAB4053}"
EndProject
Project("{9A19103F-16F7-4668-BE54-9A1E7A4F7556}") = "Application.Test", "EmployeeService\test\Application.Test\Application.Test.csproj", "{1ECFD298-439B-4743-9422-C95BFC65B6C5}"
EndProject
Project("{2150E333-8FDC-42A3-9474-1A3956D46DE8}") = "HostedService", "HostedService", "{CCDE31DD-D131-4E2E-BDAA-B6818BB14E25}"
EndProject
Project("{2150E333-8FDC-42A3-9474-1A3956D46DE8}") = "src", "src", "{6F223074-1A8C-4F5F-B70F-9A98B0343ECA}"
EndProject
Project("{2150E333-8FDC-42A3-9474-1A3956D46DE8}") = "ReportService", "ReportService", "{62C0B192-45E6-419C-A72D-2444A884CA0F}"
EndProject
Project("{9A19103F-16F7-4668-BE54-9A1E7A4F7556}") = "ReportService", "HostedService\src\ReportService\ReportService.csproj", "{DBC51BC9-CD54-45F9-8A87-B4F1F11EE9E3}"
EndProject
Global
	GlobalSection(SolutionConfigurationPlatforms) = preSolution
		Debug|Any CPU = Debug|Any CPU
		Release|Any CPU = Release|Any CPU
	EndGlobalSection
	GlobalSection(ProjectConfigurationPlatforms) = postSolution
		{9500B6FD-7B09-424F-9B4A-C23A084D71A2}.Debug|Any CPU.ActiveCfg = Debug|Any CPU
		{9500B6FD-7B09-424F-9B4A-C23A084D71A2}.Debug|Any CPU.Build.0 = Debug|Any CPU
		{9500B6FD-7B09-424F-9B4A-C23A084D71A2}.Release|Any CPU.ActiveCfg = Release|Any CPU
		{9500B6FD-7B09-424F-9B4A-C23A084D71A2}.Release|Any CPU.Build.0 = Release|Any CPU
		{7EA6F48A-589B-4BAD-8C42-AE6FE46B8AC7}.Debug|Any CPU.ActiveCfg = Debug|Any CPU
		{7EA6F48A-589B-4BAD-8C42-AE6FE46B8AC7}.Debug|Any CPU.Build.0 = Debug|Any CPU
		{7EA6F48A-589B-4BAD-8C42-AE6FE46B8AC7}.Release|Any CPU.ActiveCfg = Release|Any CPU
		{7EA6F48A-589B-4BAD-8C42-AE6FE46B8AC7}.Release|Any CPU.Build.0 = Release|Any CPU
		{19EC203B-2CF0-4DEF-A77B-64B01F329E17}.Debug|Any CPU.ActiveCfg = Debug|Any CPU
		{19EC203B-2CF0-4DEF-A77B-64B01F329E17}.Debug|Any CPU.Build.0 = Debug|Any CPU
		{19EC203B-2CF0-4DEF-A77B-64B01F329E17}.Release|Any CPU.ActiveCfg = Release|Any CPU
		{19EC203B-2CF0-4DEF-A77B-64B01F329E17}.Release|Any CPU.Build.0 = Release|Any CPU
		{B3D86B82-2AC4-4259-8F76-9E1405A90FDF}.Debug|Any CPU.ActiveCfg = Debug|Any CPU
		{B3D86B82-2AC4-4259-8F76-9E1405A90FDF}.Debug|Any CPU.Build.0 = Debug|Any CPU
		{B3D86B82-2AC4-4259-8F76-9E1405A90FDF}.Release|Any CPU.ActiveCfg = Release|Any CPU
		{B3D86B82-2AC4-4259-8F76-9E1405A90FDF}.Release|Any CPU.Build.0 = Release|Any CPU
		{1ECFD298-439B-4743-9422-C95BFC65B6C5}.Debug|Any CPU.ActiveCfg = Debug|Any CPU
		{1ECFD298-439B-4743-9422-C95BFC65B6C5}.Debug|Any CPU.Build.0 = Debug|Any CPU
		{1ECFD298-439B-4743-9422-C95BFC65B6C5}.Release|Any CPU.ActiveCfg = Release|Any CPU
		{1ECFD298-439B-4743-9422-C95BFC65B6C5}.Release|Any CPU.Build.0 = Release|Any CPU
		{DBC51BC9-CD54-45F9-8A87-B4F1F11EE9E3}.Debug|Any CPU.ActiveCfg = Debug|Any CPU
		{DBC51BC9-CD54-45F9-8A87-B4F1F11EE9E3}.Debug|Any CPU.Build.0 = Debug|Any CPU
		{DBC51BC9-CD54-45F9-8A87-B4F1F11EE9E3}.Release|Any CPU.ActiveCfg = Release|Any CPU
		{DBC51BC9-CD54-45F9-8A87-B4F1F11EE9E3}.Release|Any CPU.Build.0 = Release|Any CPU
	EndGlobalSection
	GlobalSection(SolutionProperties) = preSolution
		HideSolutionNode = FALSE
	EndGlobalSection
	GlobalSection(NestedProjects) = preSolution
		{7D668DB7-52FD-469A-A511-BA165F05B98A} = {DDB5630B-0C18-43C7-893A-9C6F76A74525}
		{2B565C26-4566-45F3-B3D6-4B54AB31D121} = {7D668DB7-52FD-469A-A511-BA165F05B98A}
		{0FAE07C5-7113-4CD3-8857-2E04A67ADBBA} = {7D668DB7-52FD-469A-A511-BA165F05B98A}
		{58FD23FE-1506-4E04-86A3-BF7A805AC811} = {7D668DB7-52FD-469A-A511-BA165F05B98A}
		{1E1CA743-55FD-4BCD-A125-4C61595F9896} = {7D668DB7-52FD-469A-A511-BA165F05B98A}
		{9500B6FD-7B09-424F-9B4A-C23A084D71A2} = {2B565C26-4566-45F3-B3D6-4B54AB31D121}
		{7EA6F48A-589B-4BAD-8C42-AE6FE46B8AC7} = {0FAE07C5-7113-4CD3-8857-2E04A67ADBBA}
		{19EC203B-2CF0-4DEF-A77B-64B01F329E17} = {58FD23FE-1506-4E04-86A3-BF7A805AC811}
		{B3D86B82-2AC4-4259-8F76-9E1405A90FDF} = {1E1CA743-55FD-4BCD-A125-4C61595F9896}
		{57EDF7B3-1E03-49FE-BFBD-A02A3BAB4053} = {DDB5630B-0C18-43C7-893A-9C6F76A74525}
		{1ECFD298-439B-4743-9422-C95BFC65B6C5} = {57EDF7B3-1E03-49FE-BFBD-A02A3BAB4053}
		{6F223074-1A8C-4F5F-B70F-9A98B0343ECA} = {CCDE31DD-D131-4E2E-BDAA-B6818BB14E25}
		{62C0B192-45E6-419C-A72D-2444A884CA0F} = {6F223074-1A8C-4F5F-B70F-9A98B0343ECA}
		{DBC51BC9-CD54-45F9-8A87-B4F1F11EE9E3} = {62C0B192-45E6-419C-A72D-2444A884CA0F}
	EndGlobalSection
	GlobalSection(ExtensibilityGlobals) = postSolution
		SolutionGuid = {341BD3B2-932C-44CF-BAAD-D1512683DAAF}
	EndGlobalSection
EndGlobal
